// !$*UTF8*$!
{
	archiveVersion = 1;
	classes = {
	};
	objectVersion = 46;
	objects = {

/* Begin PBXBuildFile section */
		1530BD661E789541006FAC6D /* Constants.swift in Sources */ = {isa = PBXBuildFile; fileRef = 1530BD651E789541006FAC6D /* Constants.swift */; };
		1530BD681E789A14006FAC6D /* CurrentWeather.swift in Sources */ = {isa = PBXBuildFile; fileRef = 1530BD671E789A14006FAC6D /* CurrentWeather.swift */; };
		157128611EA55F8E00A2D38A /* WeatherCell.swift in Sources */ = {isa = PBXBuildFile; fileRef = 157128601EA55F8E00A2D38A /* WeatherCell.swift */; };
		157128631EA5694700A2D38A /* Location.swift in Sources */ = {isa = PBXBuildFile; fileRef = 157128621EA5694700A2D38A /* Location.swift */; };
		15889A741E9D946C00165D07 /* Forecast.swift in Sources */ = {isa = PBXBuildFile; fileRef = 15889A731E9D946C00165D07 /* Forecast.swift */; };
		15CD2CF51E6EF942008C302B /* AppDelegate.swift in Sources */ = {isa = PBXBuildFile; fileRef = 15CD2CF41E6EF942008C302B /* AppDelegate.swift */; };
		15CD2CF71E6EF942008C302B /* WeatherVC.swift in Sources */ = {isa = PBXBuildFile; fileRef = 15CD2CF61E6EF942008C302B /* WeatherVC.swift */; };
		15CD2CFA1E6EF942008C302B /* Main.storyboard in Resources */ = {isa = PBXBuildFile; fileRef = 15CD2CF81E6EF942008C302B /* Main.storyboard */; };
		15CD2CFD1E6EF942008C302B /* WeatherApp.xcdatamodeld in Sources */ = {isa = PBXBuildFile; fileRef = 15CD2CFB1E6EF942008C302B /* WeatherApp.xcdatamodeld */; };
		15CD2CFF1E6EF942008C302B /* Assets.xcassets in Resources */ = {isa = PBXBuildFile; fileRef = 15CD2CFE1E6EF942008C302B /* Assets.xcassets */; };
		15CD2D021E6EF942008C302B /* LaunchScreen.storyboard in Resources */ = {isa = PBXBuildFile; fileRef = 15CD2D001E6EF942008C302B /* LaunchScreen.storyboard */; };
		6707B907A9374E9A912C7C47 /* Pods_WeatherApp.framework in Frameworks */ = {isa = PBXBuildFile; fileRef = 08E28922A040A1A297FFEB66 /* Pods_WeatherApp.framework */; };
/* End PBXBuildFile section */

/* Begin PBXFileReference section */
		08E28922A040A1A297FFEB66 /* Pods_WeatherApp.framework */ = {isa = PBXFileReference; explicitFileType = wrapper.framework; includeInIndex = 0; path = Pods_WeatherApp.framework; sourceTree = BUILT_PRODUCTS_DIR; };
		1530BD651E789541006FAC6D /* Constants.swift */ = {isa = PBXFileReference; fileEncoding = 4; lastKnownFileType = sourcecode.swift; path = Constants.swift; sourceTree = "<group>"; };
		1530BD671E789A14006FAC6D /* CurrentWeather.swift */ = {isa = PBXFileReference; fileEncoding = 4; lastKnownFileType = sourcecode.swift; path = CurrentWeather.swift; sourceTree = "<group>"; };
		157128601EA55F8E00A2D38A /* WeatherCell.swift */ = {isa = PBXFileReference; fileEncoding = 4; lastKnownFileType = sourcecode.swift; path = WeatherCell.swift; sourceTree = "<group>"; };
		157128621EA5694700A2D38A /* Location.swift */ = {isa = PBXFileReference; fileEncoding = 4; lastKnownFileType = sourcecode.swift; path = Location.swift; sourceTree = "<group>"; };
		15889A731E9D946C00165D07 /* Forecast.swift */ = {isa = PBXFileReference; fileEncoding = 4; lastKnownFileType = sourcecode.swift; path = Forecast.swift; sourceTree = "<group>"; };
		15CD2CF11E6EF942008C302B /* WeatherApp.app */ = {isa = PBXFileReference; explicitFileType = wrapper.application; includeInIndex = 0; path = WeatherApp.app; sourceTree = BUILT_PRODUCTS_DIR; };
		15CD2CF41E6EF942008C302B /* AppDelegate.swift */ = {isa = PBXFileReference; lastKnownFileType = sourcecode.swift; path = AppDelegate.swift; sourceTree = "<group>"; };
		15CD2CF61E6EF942008C302B /* WeatherVC.swift */ = {isa = PBXFileReference; lastKnownFileType = sourcecode.swift; path = WeatherVC.swift; sourceTree = "<group>"; };
		15CD2CF91E6EF942008C302B /* Base */ = {isa = PBXFileReference; lastKnownFileType = file.storyboard; name = Base; path = Base.lproj/Main.storyboard; sourceTree = "<group>"; };
		15CD2CFC1E6EF942008C302B /* WeatherApp.xcdatamodel */ = {isa = PBXFileReference; lastKnownFileType = wrapper.xcdatamodel; path = WeatherApp.xcdatamodel; sourceTree = "<group>"; };
		15CD2CFE1E6EF942008C302B /* Assets.xcassets */ = {isa = PBXFileReference; lastKnownFileType = folder.assetcatalog; path = Assets.xcassets; sourceTree = "<group>"; };
		15CD2D011E6EF942008C302B /* Base */ = {isa = PBXFileReference; lastKnownFileType = file.storyboard; name = Base; path = Base.lproj/LaunchScreen.storyboard; sourceTree = "<group>"; };
		15CD2D031E6EF942008C302B /* Info.plist */ = {isa = PBXFileReference; lastKnownFileType = text.plist.xml; path = Info.plist; sourceTree = "<group>"; };
		5BC5B7885AB7AE95E73C4A14 /* Pods-WeatherApp.debug.xcconfig */ = {isa = PBXFileReference; includeInIndex = 1; lastKnownFileType = text.xcconfig; name = "Pods-WeatherApp.debug.xcconfig"; path = "Pods/Target Support Files/Pods-WeatherApp/Pods-WeatherApp.debug.xcconfig"; sourceTree = "<group>"; };
		F217D0B30DB8F5B4533CA011 /* Pods-WeatherApp.release.xcconfig */ = {isa = PBXFileReference; includeInIndex = 1; lastKnownFileType = text.xcconfig; name = "Pods-WeatherApp.release.xcconfig"; path = "Pods/Target Support Files/Pods-WeatherApp/Pods-WeatherApp.release.xcconfig"; sourceTree = "<group>"; };
/* End PBXFileReference section */

/* Begin PBXFrameworksBuildPhase section */
		15CD2CEE1E6EF941008C302B /* Frameworks */ = {
			isa = PBXFrameworksBuildPhase;
			buildActionMask = 2147483647;
			files = (
				6707B907A9374E9A912C7C47 /* Pods_WeatherApp.framework in Frameworks */,
			);
			runOnlyForDeploymentPostprocessing = 0;
		};
/* End PBXFrameworksBuildPhase section */

/* Begin PBXGroup section */
		0AEA30570205BBBB3788340D /* Pods */ = {
			isa = PBXGroup;
			children = (
				5BC5B7885AB7AE95E73C4A14 /* Pods-WeatherApp.debug.xcconfig */,
				F217D0B30DB8F5B4533CA011 /* Pods-WeatherApp.release.xcconfig */,
			);
			name = Pods;
			sourceTree = "<group>";
		};
		15CD2CE81E6EF941008C302B = {
			isa = PBXGroup;
			children = (
				15CD2CF31E6EF942008C302B /* WeatherApp */,
				15CD2CF21E6EF942008C302B /* Products */,
				0AEA30570205BBBB3788340D /* Pods */,
				BE4BDB62694A90B8F4DDF260 /* Frameworks */,
			);
			sourceTree = "<group>";
		};
		15CD2CF21E6EF942008C302B /* Products */ = {
			isa = PBXGroup;
			children = (
				15CD2CF11E6EF942008C302B /* WeatherApp.app */,
			);
			name = Products;
			sourceTree = "<group>";
		};
		15CD2CF31E6EF942008C302B /* WeatherApp */ = {
			isa = PBXGroup;
			children = (
				15CD2CF41E6EF942008C302B /* AppDelegate.swift */,
				15CD2CF61E6EF942008C302B /* WeatherVC.swift */,
				15CD2CF81E6EF942008C302B /* Main.storyboard */,
				15CD2CFE1E6EF942008C302B /* Assets.xcassets */,
				15CD2D001E6EF942008C302B /* LaunchScreen.storyboard */,
				15CD2D031E6EF942008C302B /* Info.plist */,
				15CD2CFB1E6EF942008C302B /* WeatherApp.xcdatamodeld */,
				1530BD651E789541006FAC6D /* Constants.swift */,
				1530BD671E789A14006FAC6D /* CurrentWeather.swift */,
				15889A731E9D946C00165D07 /* Forecast.swift */,
				157128601EA55F8E00A2D38A /* WeatherCell.swift */,
				157128621EA5694700A2D38A /* Location.swift */,
			);
			path = WeatherApp;
			sourceTree = "<group>";
		};
		BE4BDB62694A90B8F4DDF260 /* Frameworks */ = {
			isa = PBXGroup;
			children = (
				08E28922A040A1A297FFEB66 /* Pods_WeatherApp.framework */,
			);
			name = Frameworks;
			sourceTree = "<group>";
		};
/* End PBXGroup section */

/* Begin PBXNativeTarget section */
		15CD2CF01E6EF941008C302B /* WeatherApp */ = {
			isa = PBXNativeTarget;
			buildConfigurationList = 15CD2D061E6EF942008C302B /* Build configuration list for PBXNativeTarget "WeatherApp" */;
			buildPhases = (
				F0DCDB25861238AC7338C390 /* [CP] Check Pods Manifest.lock */,
				15CD2CED1E6EF941008C302B /* Sources */,
				15CD2CEE1E6EF941008C302B /* Frameworks */,
				15CD2CEF1E6EF941008C302B /* Resources */,
				1875D0B41351EC70C3C8E309 /* [CP] Embed Pods Frameworks */,
				52B5EAB52569BCB3DA559858 /* [CP] Copy Pods Resources */,
			);
			buildRules = (
			);
			dependencies = (
			);
			name = WeatherApp;
			productName = WeatherApp;
			productReference = 15CD2CF11E6EF942008C302B /* WeatherApp.app */;
			productType = "com.apple.product-type.application";
		};
/* End PBXNativeTarget section */

/* Begin PBXProject section */
		15CD2CE91E6EF941008C302B /* Project object */ = {
			isa = PBXProject;
			attributes = {
				LastSwiftUpdateCheck = 0820;
				LastUpgradeCheck = 0820;
				ORGANIZATIONNAME = "Radosław Stelmasiak";
				TargetAttributes = {
					15CD2CF01E6EF941008C302B = {
						CreatedOnToolsVersion = 8.2.1;
						DevelopmentTeam = R439HZKN8N;
						ProvisioningStyle = Automatic;
					};
				};
			};
			buildConfigurationList = 15CD2CEC1E6EF941008C302B /* Build configuration list for PBXProject "WeatherApp" */;
			compatibilityVersion = "Xcode 3.2";
			developmentRegion = English;
			hasScannedForEncodings = 0;
			knownRegions = (
				en,
				Base,
			);
			mainGroup = 15CD2CE81E6EF941008C302B;
			productRefGroup = 15CD2CF21E6EF942008C302B /* Products */;
			projectDirPath = "";
			projectRoot = "";
			targets = (
				15CD2CF01E6EF941008C302B /* WeatherApp */,
			);
		};
/* End PBXProject section */

/* Begin PBXResourcesBuildPhase section */
		15CD2CEF1E6EF941008C302B /* Resources */ = {
			isa = PBXResourcesBuildPhase;
			buildActionMask = 2147483647;
			files = (
				15CD2D021E6EF942008C302B /* LaunchScreen.storyboard in Resources */,
				15CD2CFF1E6EF942008C302B /* Assets.xcassets in Resources */,
				15CD2CFA1E6EF942008C302B /* Main.storyboard in Resources */,
			);
			runOnlyForDeploymentPostprocessing = 0;
		};
/* End PBXResourcesBuildPhase section */

/* Begin PBXShellScriptBuildPhase section */
		1875D0B41351EC70C3C8E309 /* [CP] Embed Pods Frameworks */ = {
			isa = PBXShellScriptBuildPhase;
			buildActionMask = 2147483647;
			files = (
			);
			inputPaths = (
			);
			name = "[CP] Embed Pods Frameworks";
			outputPaths = (
			);
			runOnlyForDeploymentPostprocessing = 0;
			shellPath = /bin/sh;
			shellScript = "\"${SRCROOT}/Pods/Target Support Files/Pods-WeatherApp/Pods-WeatherApp-frameworks.sh\"\n";
			showEnvVarsInLog = 0;
		};
		52B5EAB52569BCB3DA559858 /* [CP] Copy Pods Resources */ = {
			isa = PBXShellScriptBuildPhase;
			buildActionMask = 2147483647;
			files = (
			);
			inputPaths = (
			);
			name = "[CP] Copy Pods Resources";
			outputPaths = (
			);
			runOnlyForDeploymentPostprocessing = 0;
			shellPath = /bin/sh;
			shellScript = "\"${SRCROOT}/Pods/Target Support Files/Pods-WeatherApp/Pods-WeatherApp-resources.sh\"\n";
			showEnvVarsInLog = 0;
		};
		F0DCDB25861238AC7338C390 /* [CP] Check Pods Manifest.lock */ = {
			isa = PBXShellScriptBuildPhase;
			buildActionMask = 2147483647;
			files = (
			);
			inputPaths = (
			);
			name = "[CP] Check Pods Manifest.lock";
			outputPaths = (
			);
			runOnlyForDeploymentPostprocessing = 0;
			shellPath = /bin/sh;
			shellScript = "diff \"${PODS_ROOT}/../Podfile.lock\" \"${PODS_ROOT}/Manifest.lock\" > /dev/null\nif [ $? != 0 ] ; then\n    # print error to STDERR\n    echo \"error: The sandbox is not in sync with the Podfile.lock. Run 'pod install' or update your CocoaPods installation.\" >&2\n    exit 1\nfi\n";
			showEnvVarsInLog = 0;
		};
/* End PBXShellScriptBuildPhase section */

/* Begin PBXSourcesBuildPhase section */
		15CD2CED1E6EF941008C302B /* Sources */ = {
			isa = PBXSourcesBuildPhase;
			buildActionMask = 2147483647;
			files = (
				15CD2CFD1E6EF942008C302B /* WeatherApp.xcdatamodeld in Sources */,
				1530BD681E789A14006FAC6D /* CurrentWeather.swift in Sources */,
				157128631EA5694700A2D38A /* Location.swift in Sources */,
				15CD2CF71E6EF942008C302B /* WeatherVC.swift in Sources */,
				15CD2CF51E6EF942008C302B /* AppDelegate.swift in Sources */,
				15889A741E9D946C00165D07 /* Forecast.swift in Sources */,
				1530BD661E789541006FAC6D /* Constants.swift in Sources */,
				157128611EA55F8E00A2D38A /* WeatherCell.swift in Sources */,
			);
			runOnlyForDeploymentPostprocessing = 0;
		};
/* End PBXSourcesBuildPhase section */

/* Begin PBXVariantGroup section */
		15CD2CF81E6EF942008C302B /* Main.storyboard */ = {
			isa = PBXVariantGroup;
			children = (
				15CD2CF91E6EF942008C302B /* Base */,
			);
			name = Main.storyboard;
			sourceTree = "<group>";
		};
		15CD2D001E6EF942008C302B /* LaunchScreen.storyboard */ = {
			isa = PBXVariantGroup;
			children = (
				15CD2D011E6EF942008C302B /* Base */,
			);
			name = LaunchScreen.storyboard;
			sourceTree = "<group>";
		};
/* End PBXVariantGroup section */

/* Begin XCBuildConfiguration section */
		15CD2D041E6EF942008C302B /* Debug */ = {
			isa = XCBuildConfiguration;
			buildSettings = {
				ALWAYS_SEARCH_USER_PATHS = NO;
				CLANG_ANALYZER_NONNULL = YES;
				CLANG_CXX_LANGUAGE_STANDARD = "gnu++0x";
				CLANG_CXX_LIBRARY = "libc++";
				CLANG_ENABLE_MODULES = YES;
				CLANG_ENABLE_OBJC_ARC = YES;
				CLANG_WARN_BOOL_CONVERSION = YES;
				CLANG_WARN_CONSTANT_CONVERSION = YES;
				CLANG_WARN_DIRECT_OBJC_ISA_USAGE = YES_ERROR;
				CLANG_WARN_DOCUMENTATION_COMMENTS = YES;
				CLANG_WARN_EMPTY_BODY = YES;
				CLANG_WARN_ENUM_CONVERSION = YES;
				CLANG_WARN_INFINITE_RECURSION = YES;
				CLANG_WARN_INT_CONVERSION = YES;
				CLANG_WARN_OBJC_ROOT_CLASS = YES_ERROR;
				CLANG_WARN_SUSPICIOUS_MOVE = YES;
				CLANG_WARN_UNREACHABLE_CODE = YES;
				CLANG_WARN__DUPLICATE_METHOD_MATCH = YES;
				"CODE_SIGN_IDENTITY[sdk=iphoneos*]" = "iPhone Developer";
				COPY_PHASE_STRIP = NO;
				DEBUG_INFORMATION_FORMAT = dwarf;
				ENABLE_STRICT_OBJC_MSGSEND = YES;
				ENABLE_TESTABILITY = YES;
				GCC_C_LANGUAGE_STANDARD = gnu99;
				GCC_DYNAMIC_NO_PIC = NO;
				GCC_NO_COMMON_BLOCKS = YES;
				GCC_OPTIMIZATION_LEVEL = 0;
				GCC_PREPROCESSOR_DEFINITIONS = (
					"DEBUG=1",
					"$(inherited)",
				);
				GCC_WARN_64_TO_32_BIT_CONVERSION = YES;
				GCC_WARN_ABOUT_RETURN_TYPE = YES_ERROR;
				GCC_WARN_UNDECLARED_SELECTOR = YES;
				GCC_WARN_UNINITIALIZED_AUTOS = YES_AGGRESSIVE;
				GCC_WARN_UNUSED_FUNCTION = YES;
				GCC_WARN_UNUSED_VARIABLE = YES;
				IPHONEOS_DEPLOYMENT_TARGET = 10.2;
				MTL_ENABLE_DEBUG_INFO = YES;
				ONLY_ACTIVE_ARCH = YES;
				SDKROOT = iphoneos;
				SWIFT_ACTIVE_COMPILATION_CONDITIONS = DEBUG;
				SWIFT_OPTIMIZATION_LEVEL = "-Onone";
				TARGETED_DEVICE_FAMILY = "1,2";
			};
			name = Debug;
		};
		15CD2D051E6EF942008C302B /* Release */ = {
			isa = XCBuildConfiguration;
			buildSettings = {
				ALWAYS_SEARCH_USER_PATHS = NO;
				CLANG_ANALYZER_NONNULL = YES;
				CLANG_CXX_LANGUAGE_STANDARD = "gnu++0x";
				CLANG_CXX_LIBRARY = "libc++";
				CLANG_ENABLE_MODULES = YES;
				CLANG_ENABLE_OBJC_ARC = YES;
				CLANG_WARN_BOOL_CONVERSION = YES;
				CLANG_WARN_CONSTANT_CONVERSION = YES;
				CLANG_WARN_DIRECT_OBJC_ISA_USAGE = YES_ERROR;
				CLANG_WARN_DOCUMENTATION_COMMENTS = YES;
				CLANG_WARN_EMPTY_BODY = YES;
				CLANG_WARN_ENUM_CONVERSION = YES;
				CLANG_WARN_INFINITE_RECURSION = YES;
				CLANG_WARN_INT_CONVERSION = YES;
				CLANG_WARN_OBJC_ROOT_CLASS = YES_ERROR;
				CLANG_WARN_SUSPICIOUS_MOVE = YES;
				CLANG_WARN_UNREACHABLE_CODE = YES;
				CLANG_WARN__DUPLICATE_METHOD_MATCH = YES;
				"CODE_SIGN_IDENTITY[sdk=iphoneos*]" = "iPhone Developer";
				COPY_PHASE_STRIP = NO;
				DEBUG_INFORMATION_FORMAT = "dwarf-with-dsym";
				ENABLE_NS_ASSERTIONS = NO;
				ENABLE_STRICT_OBJC_MSGSEND = YES;
				GCC_C_LANGUAGE_STANDARD = gnu99;
				GCC_NO_COMMON_BLOCKS = YES;
				GCC_WARN_64_TO_32_BIT_CONVERSION = YES;
				GCC_WARN_ABOUT_RETURN_TYPE = YES_ERROR;
				GCC_WARN_UNDECLARED_SELECTOR = YES;
				GCC_WARN_UNINITIALIZED_AUTOS = YES_AGGRESSIVE;
				GCC_WARN_UNUSED_FUNCTION = YES;
				GCC_WARN_UNUSED_VARIABLE = YES;
				IPHONEOS_DEPLOYMENT_TARGET = 10.2;
				MTL_ENABLE_DEBUG_INFO = NO;
				SDKROOT = iphoneos;
				SWIFT_OPTIMIZATION_LEVEL = "-Owholemodule";
				TARGETED_DEVICE_FAMILY = "1,2";
				VALIDATE_PRODUCT = YES;
			};
			name = Release;
		};
		15CD2D071E6EF942008C302B /* Debug */ = {
			isa = XCBuildConfiguration;
			baseConfigurationReference = 5BC5B7885AB7AE95E73C4A14 /* Pods-WeatherApp.debug.xcconfig */;
			buildSettings = {
				ASSETCATALOG_COMPILER_APPICON_NAME = AppIcon;
				DEVELOPMENT_TEAM = R439HZKN8N;
				INFOPLIST_FILE = WeatherApp/Info.plist;
				LD_RUNPATH_SEARCH_PATHS = "$(inherited) @executable_path/Frameworks";
				PRODUCT_BUNDLE_IDENTIFIER = eu.stelmasiak.radoslaw.WeatherApp;
				PRODUCT_NAME = "$(TARGET_NAME)";
				SWIFT_VERSION = 3.0;
				TARGETED_DEVICE_FAMILY = 1;
			};
			name = Debug;
		};
		15CD2D081E6EF942008C302B /* Release */ = {
			isa = XCBuildConfiguration;
			baseConfigurationReference = F217D0B30DB8F5B4533CA011 /* Pods-WeatherApp.release.xcconfig */;
			buildSettings = {
				ASSETCATALOG_COMPILER_APPICON_NAME = AppIcon;
				DEVELOPMENT_TEAM = R439HZKN8N;
				INFOPLIST_FILE = WeatherApp/Info.plist;
				LD_RUNPATH_SEARCH_PATHS = "$(inherited) @executable_path/Frameworks";
				PRODUCT_BUNDLE_IDENTIFIER = eu.stelmasiak.radoslaw.WeatherApp;
				PRODUCT_NAME = "$(TARGET_NAME)";
				SWIFT_VERSION = 3.0;
				TARGETED_DEVICE_FAMILY = 1;
			};
			name = Release;
		};
/* End XCBuildConfiguration section */

/* Begin XCConfigurationList section */
		15CD2CEC1E6EF941008C302B /* Build configuration list for PBXProject "WeatherApp" */ = {
			isa = XCConfigurationList;
			buildConfigurations = (
				15CD2D041E6EF942008C302B /* Debug */,
				15CD2D051E6EF942008C302B /* Release */,
			);
			defaultConfigurationIsVisible = 0;
			defaultConfigurationName = Release;
		};
		15CD2D061E6EF942008C302B /* Build configuration list for PBXNativeTarget "WeatherApp" */ = {
			isa = XCConfigurationList;
			buildConfigurations = (
				15CD2D071E6EF942008C302B /* Debug */,
				15CD2D081E6EF942008C302B /* Release */,
			);
			defaultConfigurationIsVisible = 0;
			defaultConfigurationName = Release;
		};
/* End XCConfigurationList section */

/* Begin XCVersionGroup section */
		15CD2CFB1E6EF942008C302B /* WeatherApp.xcdatamodeld */ = {
			isa = XCVersionGroup;
			children = (
				15CD2CFC1E6EF942008C302B /* WeatherApp.xcdatamodel */,
			);
			currentVersion = 15CD2CFC1E6EF942008C302B /* WeatherApp.xcdatamodel */;
			path = WeatherApp.xcdatamodeld;
			sourceTree = "<group>";
			versionGroupType = wrapper.xcdatamodel;
		};
/* End XCVersionGroup section */
	};
	rootObject = 15CD2CE91E6EF941008C302B /* Project object */;
}
